
Microsoft Visual Studio Solution File, Format Version 12.00
Project("{FAE04EC0-301F-11D3-BF4B-00C04F79EFBC}") = "Producer", "Producer\Producer.csproj", "{0581176C-0BDA-431D-8F73-B358756F1774}"
EndProject
Project("{FAE04EC0-301F-11D3-BF4B-00C04F79EFBC}") = "Consumer", "Consumer\Consumer.csproj", "{C6F8069B-5E54-45F3-B852-F68A91527C61}"
EndProject
Global
	GlobalSection(SolutionConfigurationPlatforms) = preSolution
		Debug|Any CPU = Debug|Any CPU
		Release|Any CPU = Release|Any CPU
	EndGlobalSection
	GlobalSection(ProjectConfigurationPlatforms) = postSolution
		{0581176C-0BDA-431D-8F73-B358756F1774}.Debug|Any CPU.ActiveCfg = Debug|Any CPU
		{0581176C-0BDA-431D-8F73-B358756F1774}.Debug|Any CPU.Build.0 = Debug|Any CPU
		{0581176C-0BDA-431D-8F73-B358756F1774}.Release|Any CPU.ActiveCfg = Release|Any CPU
		{0581176C-0BDA-431D-8F73-B358756F1774}.Release|Any CPU.Build.0 = Release|Any CPU
		{C6F8069B-5E54-45F3-B852-F68A91527C61}.Debug|Any CPU.ActiveCfg = Debug|Any CPU
		{C6F8069B-5E54-45F3-B852-F68A91527C61}.Debug|Any CPU.Build.0 = Debug|Any CPU
		{C6F8069B-5E54-45F3-B852-F68A91527C61}.Release|Any CPU.ActiveCfg = Release|Any CPU
		{C6F8069B-5E54-45F3-B852-F68A91527C61}.Release|Any CPU.Build.0 = Release|Any CPU
	EndGlobalSection
EndGlobal
